// !$*UTF8*$!
{
	archiveVersion = 1;
	classes = {
	};
	objectVersion = 50;
	objects = {

/* Begin PBXBuildFile section */
		1E506AAF2121CF27008C145B /* OverlayViewController.swift in Sources */ = {isa = PBXBuildFile; fileRef = 1E506AAE2121CF27008C145B /* OverlayViewController.swift */; };
		1E506AB12121CF49008C145B /* Overlay.storyboard in Resources */ = {isa = PBXBuildFile; fileRef = 1E506AB02121CF49008C145B /* Overlay.storyboard */; };
		1E506AB42121D0A6008C145B /* MainFlow.swift in Sources */ = {isa = PBXBuildFile; fileRef = 1E506AB32121D0A6008C145B /* MainFlow.swift */; };
		1E506AB62121D0B4008C145B /* LoadingOverlayFlow.swift in Sources */ = {isa = PBXBuildFile; fileRef = 1E506AB52121D0B4008C145B /* LoadingOverlayFlow.swift */; };
		1E506AB92121D7B7008C145B /* Auth.storyboard in Resources */ = {isa = PBXBuildFile; fileRef = 1E506AB82121D7B7008C145B /* Auth.storyboard */; };
		1E506ABB2121D7C4008C145B /* LoginViewController.swift in Sources */ = {isa = PBXBuildFile; fileRef = 1E506ABA2121D7C4008C145B /* LoginViewController.swift */; };
		1E506ABD2121D88C008C145B /* LoginFlow.swift in Sources */ = {isa = PBXBuildFile; fileRef = 1E506ABC2121D88C008C145B /* LoginFlow.swift */; };
		1E506ABF2121DAC0008C145B /* MainViewController.swift in Sources */ = {isa = PBXBuildFile; fileRef = 1E506ABE2121DAC0008C145B /* MainViewController.swift */; };
		1E5F3CFF2165561900FB3EE0 /* ScrollableContent.storyboard in Resources */ = {isa = PBXBuildFile; fileRef = 1E5F3CFE2165561900FB3EE0 /* ScrollableContent.storyboard */; };
		1E5F3D012165564100FB3EE0 /* ScrollableContentViewController.swift in Sources */ = {isa = PBXBuildFile; fileRef = 1E5F3D002165564100FB3EE0 /* ScrollableContentViewController.swift */; };
		1E68F247210FD8480080B7BE /* LightStyle.swift in Sources */ = {isa = PBXBuildFile; fileRef = 1E68F246210FD8480080B7BE /* LightStyle.swift */; };
		1E68F249210FD8520080B7BE /* DarkStyle.swift in Sources */ = {isa = PBXBuildFile; fileRef = 1E68F248210FD8520080B7BE /* DarkStyle.swift */; };
		1E68F24B210FDC410080B7BE /* AppStyle.swift in Sources */ = {isa = PBXBuildFile; fileRef = 1E68F24A210FDC410080B7BE /* AppStyle.swift */; };
		1E89E652216555AB009A0637 /* ScrollableContentFlow.swift in Sources */ = {isa = PBXBuildFile; fileRef = 1E89E651216555AB009A0637 /* ScrollableContentFlow.swift */; };
		607FACD61AFB9204008FA782 /* AppDelegate.swift in Sources */ = {isa = PBXBuildFile; fileRef = 607FACD51AFB9204008FA782 /* AppDelegate.swift */; };
		607FACDB1AFB9204008FA782 /* Main.storyboard in Resources */ = {isa = PBXBuildFile; fileRef = 607FACD91AFB9204008FA782 /* Main.storyboard */; };
		607FACDD1AFB9204008FA782 /* Images.xcassets in Resources */ = {isa = PBXBuildFile; fileRef = 607FACDC1AFB9204008FA782 /* Images.xcassets */; };
		607FACE01AFB9204008FA782 /* LaunchScreen.xib in Resources */ = {isa = PBXBuildFile; fileRef = 607FACDE1AFB9204008FA782 /* LaunchScreen.xib */; };
		7A5FEB28C9ED6950267E7CC7 /* Pods_Example.framework in Frameworks */ = {isa = PBXBuildFile; fileRef = 78F116473ACC904A75D3EEE8 /* Pods_Example.framework */; };
/* End PBXBuildFile section */

/* Begin PBXFileReference section */
		16F5CB40BC0C75EEBDF26C4D /* Pods-FlexContainer_Tests.debug.xcconfig */ = {isa = PBXFileReference; includeInIndex = 1; lastKnownFileType = text.xcconfig; name = "Pods-FlexContainer_Tests.debug.xcconfig"; path = "Pods/Target Support Files/Pods-FlexContainer_Tests/Pods-FlexContainer_Tests.debug.xcconfig"; sourceTree = "<group>"; };
		1C1C52F188439C2BE2A0B2E0 /* Pods-Example.release.xcconfig */ = {isa = PBXFileReference; includeInIndex = 1; lastKnownFileType = text.xcconfig; name = "Pods-Example.release.xcconfig"; path = "Pods/Target Support Files/Pods-Example/Pods-Example.release.xcconfig"; sourceTree = "<group>"; };
		1E506AAE2121CF27008C145B /* OverlayViewController.swift */ = {isa = PBXFileReference; lastKnownFileType = sourcecode.swift; path = OverlayViewController.swift; sourceTree = "<group>"; };
		1E506AB02121CF49008C145B /* Overlay.storyboard */ = {isa = PBXFileReference; lastKnownFileType = file.storyboard; path = Overlay.storyboard; sourceTree = "<group>"; };
		1E506AB32121D0A6008C145B /* MainFlow.swift */ = {isa = PBXFileReference; lastKnownFileType = sourcecode.swift; path = MainFlow.swift; sourceTree = "<group>"; };
		1E506AB52121D0B4008C145B /* LoadingOverlayFlow.swift */ = {isa = PBXFileReference; lastKnownFileType = sourcecode.swift; path = LoadingOverlayFlow.swift; sourceTree = "<group>"; };
		1E506AB82121D7B7008C145B /* Auth.storyboard */ = {isa = PBXFileReference; lastKnownFileType = file.storyboard; path = Auth.storyboard; sourceTree = "<group>"; };
		1E506ABA2121D7C4008C145B /* LoginViewController.swift */ = {isa = PBXFileReference; lastKnownFileType = sourcecode.swift; path = LoginViewController.swift; sourceTree = "<group>"; };
		1E506ABC2121D88C008C145B /* LoginFlow.swift */ = {isa = PBXFileReference; lastKnownFileType = sourcecode.swift; path = LoginFlow.swift; sourceTree = "<group>"; };
		1E506ABE2121DAC0008C145B /* MainViewController.swift */ = {isa = PBXFileReference; fileEncoding = 4; lastKnownFileType = sourcecode.swift; path = MainViewController.swift; sourceTree = "<group>"; };
		1E5F3CFE2165561900FB3EE0 /* ScrollableContent.storyboard */ = {isa = PBXFileReference; lastKnownFileType = file.storyboard; path = ScrollableContent.storyboard; sourceTree = "<group>"; };
		1E5F3D002165564100FB3EE0 /* ScrollableContentViewController.swift */ = {isa = PBXFileReference; lastKnownFileType = sourcecode.swift; path = ScrollableContentViewController.swift; sourceTree = "<group>"; };
		1E68F246210FD8480080B7BE /* LightStyle.swift */ = {isa = PBXFileReference; lastKnownFileType = sourcecode.swift; path = LightStyle.swift; sourceTree = "<group>"; };
		1E68F248210FD8520080B7BE /* DarkStyle.swift */ = {isa = PBXFileReference; lastKnownFileType = sourcecode.swift; path = DarkStyle.swift; sourceTree = "<group>"; };
		1E68F24A210FDC410080B7BE /* AppStyle.swift */ = {isa = PBXFileReference; lastKnownFileType = sourcecode.swift; path = AppStyle.swift; sourceTree = "<group>"; };
		1E89E651216555AB009A0637 /* ScrollableContentFlow.swift */ = {isa = PBXFileReference; lastKnownFileType = sourcecode.swift; path = ScrollableContentFlow.swift; sourceTree = "<group>"; };
		205E47CF5F3C55B8DD03A61A /* Pods_FlexContainer_Tests.framework */ = {isa = PBXFileReference; explicitFileType = wrapper.framework; includeInIndex = 0; path = Pods_FlexContainer_Tests.framework; sourceTree = BUILT_PRODUCTS_DIR; };
		2572922A7C7D6DC4ED5E6950 /* Pods_FlexContainer_Example.framework */ = {isa = PBXFileReference; explicitFileType = wrapper.framework; includeInIndex = 0; path = Pods_FlexContainer_Example.framework; sourceTree = BUILT_PRODUCTS_DIR; };
		607FACD01AFB9204008FA782 /* Example.app */ = {isa = PBXFileReference; explicitFileType = wrapper.application; includeInIndex = 0; path = Example.app; sourceTree = BUILT_PRODUCTS_DIR; };
		607FACD41AFB9204008FA782 /* Info.plist */ = {isa = PBXFileReference; lastKnownFileType = text.plist.xml; path = Info.plist; sourceTree = "<group>"; };
		607FACD51AFB9204008FA782 /* AppDelegate.swift */ = {isa = PBXFileReference; lastKnownFileType = sourcecode.swift; path = AppDelegate.swift; sourceTree = "<group>"; };
		607FACDA1AFB9204008FA782 /* Base */ = {isa = PBXFileReference; lastKnownFileType = file.storyboard; name = Base; path = Base.lproj/Main.storyboard; sourceTree = "<group>"; };
		607FACDC1AFB9204008FA782 /* Images.xcassets */ = {isa = PBXFileReference; lastKnownFileType = folder.assetcatalog; path = Images.xcassets; sourceTree = "<group>"; };
		607FACDF1AFB9204008FA782 /* Base */ = {isa = PBXFileReference; lastKnownFileType = file.xib; name = Base; path = Base.lproj/LaunchScreen.xib; sourceTree = "<group>"; };
		6C9EA6AAB8D3A6BB4E7DE141 /* LICENSE */ = {isa = PBXFileReference; includeInIndex = 1; lastKnownFileType = text; name = LICENSE; path = ../LICENSE; sourceTree = "<group>"; };
		78F116473ACC904A75D3EEE8 /* Pods_Example.framework */ = {isa = PBXFileReference; explicitFileType = wrapper.framework; includeInIndex = 0; path = Pods_Example.framework; sourceTree = BUILT_PRODUCTS_DIR; };
		B89BA42EA6EE42191E7D4038 /* Pods-FlexContainer_Example.debug.xcconfig */ = {isa = PBXFileReference; includeInIndex = 1; lastKnownFileType = text.xcconfig; name = "Pods-FlexContainer_Example.debug.xcconfig"; path = "Pods/Target Support Files/Pods-FlexContainer_Example/Pods-FlexContainer_Example.debug.xcconfig"; sourceTree = "<group>"; };
		BEA97A1AD95F3FAAA6EBA507 /* FlexContainer.podspec */ = {isa = PBXFileReference; includeInIndex = 1; lastKnownFileType = text; name = FlexContainer.podspec; path = ../FlexContainer.podspec; sourceTree = "<group>"; };
		C0AEFF53FB899D609F03CE04 /* Pods-Example.debug.xcconfig */ = {isa = PBXFileReference; includeInIndex = 1; lastKnownFileType = text.xcconfig; name = "Pods-Example.debug.xcconfig"; path = "Pods/Target Support Files/Pods-Example/Pods-Example.debug.xcconfig"; sourceTree = "<group>"; };
		D4ECD2F29EFEEFD7A8712781 /* Pods-FlexContainer_Example.release.xcconfig */ = {isa = PBXFileReference; includeInIndex = 1; lastKnownFileType = text.xcconfig; name = "Pods-FlexContainer_Example.release.xcconfig"; path = "Pods/Target Support Files/Pods-FlexContainer_Example/Pods-FlexContainer_Example.release.xcconfig"; sourceTree = "<group>"; };
		D620853F682CB02B3475DD56 /* README.md */ = {isa = PBXFileReference; includeInIndex = 1; lastKnownFileType = net.daringfireball.markdown; name = README.md; path = ../README.md; sourceTree = "<group>"; };
		FB8BD82873A4D81CFCB3F0D7 /* Pods-FlexContainer_Tests.release.xcconfig */ = {isa = PBXFileReference; includeInIndex = 1; lastKnownFileType = text.xcconfig; name = "Pods-FlexContainer_Tests.release.xcconfig"; path = "Pods/Target Support Files/Pods-FlexContainer_Tests/Pods-FlexContainer_Tests.release.xcconfig"; sourceTree = "<group>"; };
/* End PBXFileReference section */

/* Begin PBXFrameworksBuildPhase section */
		607FACCD1AFB9204008FA782 /* Frameworks */ = {
			isa = PBXFrameworksBuildPhase;
			buildActionMask = 2147483647;
			files = (
				7A5FEB28C9ED6950267E7CC7 /* Pods_Example.framework in Frameworks */,
			);
			runOnlyForDeploymentPostprocessing = 0;
		};
/* End PBXFrameworksBuildPhase section */

/* Begin PBXGroup section */
		1E506AAA2121CEB8008C145B /* Main */ = {
			isa = PBXGroup;
			children = (
				607FACD91AFB9204008FA782 /* Main.storyboard */,
				1E506ABE2121DAC0008C145B /* MainViewController.swift */,
			);
			name = Main;
			sourceTree = "<group>";
		};
		1E506AAB2121CECD008C145B /* Res */ = {
			isa = PBXGroup;
			children = (
				607FACD41AFB9204008FA782 /* Info.plist */,
				607FACDC1AFB9204008FA782 /* Images.xcassets */,
			);
			path = Res;
			sourceTree = "<group>";
		};
		1E506AAC2121CEE9008C145B /* UI */ = {
			isa = PBXGroup;
			children = (
				1E506AB72121D78F008C145B /* Auth */,
				1E506AAA2121CEB8008C145B /* Main */,
				1E506AAD2121CF06008C145B /* OverlayWindow */,
				1E89E654216555CA009A0637 /* ScrollableContent */,
				607FACDE1AFB9204008FA782 /* LaunchScreen.xib */,
			);
			name = UI;
			sourceTree = "<group>";
		};
		1E506AAD2121CF06008C145B /* OverlayWindow */ = {
			isa = PBXGroup;
			children = (
				1E506AB02121CF49008C145B /* Overlay.storyboard */,
				1E506AAE2121CF27008C145B /* OverlayViewController.swift */,
			);
			name = OverlayWindow;
			sourceTree = "<group>";
		};
		1E506AB22121CFF0008C145B /* Flow */ = {
			isa = PBXGroup;
			children = (
				1E506ABC2121D88C008C145B /* LoginFlow.swift */,
				1E506AB32121D0A6008C145B /* MainFlow.swift */,
				1E506AB52121D0B4008C145B /* LoadingOverlayFlow.swift */,
				1E89E651216555AB009A0637 /* ScrollableContentFlow.swift */,
			);
			name = Flow;
			sourceTree = "<group>";
		};
		1E506AB72121D78F008C145B /* Auth */ = {
			isa = PBXGroup;
			children = (
				1E506AB82121D7B7008C145B /* Auth.storyboard */,
				1E506ABA2121D7C4008C145B /* LoginViewController.swift */,
			);
			name = Auth;
			sourceTree = "<group>";
		};
		1E68F245210FD8370080B7BE /* Styles */ = {
			isa = PBXGroup;
			children = (
				1E68F24A210FDC410080B7BE /* AppStyle.swift */,
				1E68F246210FD8480080B7BE /* LightStyle.swift */,
				1E68F248210FD8520080B7BE /* DarkStyle.swift */,
			);
			name = Styles;
			sourceTree = "<group>";
		};
		1E89E654216555CA009A0637 /* ScrollableContent */ = {
			isa = PBXGroup;
			children = (
				1E5F3D002165564100FB3EE0 /* ScrollableContentViewController.swift */,
				1E5F3CFE2165561900FB3EE0 /* ScrollableContent.storyboard */,
			);
			path = ScrollableContent;
			sourceTree = "<group>";
		};
		607FACC71AFB9204008FA782 = {
			isa = PBXGroup;
			children = (
				1E506AAB2121CECD008C145B /* Res */,
				607FACD21AFB9204008FA782 /* Src */,
				607FACF51AFB993E008FA782 /* Podspec Metadata */,
				607FACD11AFB9204008FA782 /* Products */,
				F7FFC04D925371245041DC67 /* Pods */,
				E299B0542F26FF20CF075800 /* Frameworks */,
			);
			sourceTree = "<group>";
		};
		607FACD11AFB9204008FA782 /* Products */ = {
			isa = PBXGroup;
			children = (
				607FACD01AFB9204008FA782 /* Example.app */,
			);
			name = Products;
			sourceTree = "<group>";
		};
		607FACD21AFB9204008FA782 /* Src */ = {
			isa = PBXGroup;
			children = (
				607FACD51AFB9204008FA782 /* AppDelegate.swift */,
				1E68F245210FD8370080B7BE /* Styles */,
				1E506AB22121CFF0008C145B /* Flow */,
				1E506AAC2121CEE9008C145B /* UI */,
			);
			name = Src;
			path = FlexContainer;
			sourceTree = "<group>";
		};
		607FACF51AFB993E008FA782 /* Podspec Metadata */ = {
			isa = PBXGroup;
			children = (
				BEA97A1AD95F3FAAA6EBA507 /* FlexContainer.podspec */,
				D620853F682CB02B3475DD56 /* README.md */,
				6C9EA6AAB8D3A6BB4E7DE141 /* LICENSE */,
			);
			name = "Podspec Metadata";
			sourceTree = "<group>";
		};
		E299B0542F26FF20CF075800 /* Frameworks */ = {
			isa = PBXGroup;
			children = (
				2572922A7C7D6DC4ED5E6950 /* Pods_FlexContainer_Example.framework */,
				205E47CF5F3C55B8DD03A61A /* Pods_FlexContainer_Tests.framework */,
				78F116473ACC904A75D3EEE8 /* Pods_Example.framework */,
			);
			name = Frameworks;
			sourceTree = "<group>";
		};
		F7FFC04D925371245041DC67 /* Pods */ = {
			isa = PBXGroup;
			children = (
				B89BA42EA6EE42191E7D4038 /* Pods-FlexContainer_Example.debug.xcconfig */,
				D4ECD2F29EFEEFD7A8712781 /* Pods-FlexContainer_Example.release.xcconfig */,
				16F5CB40BC0C75EEBDF26C4D /* Pods-FlexContainer_Tests.debug.xcconfig */,
				FB8BD82873A4D81CFCB3F0D7 /* Pods-FlexContainer_Tests.release.xcconfig */,
				C0AEFF53FB899D609F03CE04 /* Pods-Example.debug.xcconfig */,
				1C1C52F188439C2BE2A0B2E0 /* Pods-Example.release.xcconfig */,
			);
			name = Pods;
			sourceTree = "<group>";
		};
/* End PBXGroup section */

/* Begin PBXNativeTarget section */
		607FACCF1AFB9204008FA782 /* Example */ = {
			isa = PBXNativeTarget;
			buildConfigurationList = 607FACEF1AFB9204008FA782 /* Build configuration list for PBXNativeTarget "Example" */;
			buildPhases = (
				E20D6109DF088A7BDC09159A /* [CP] Check Pods Manifest.lock */,
				607FACCC1AFB9204008FA782 /* Sources */,
				607FACCD1AFB9204008FA782 /* Frameworks */,
				607FACCE1AFB9204008FA782 /* Resources */,
				A08C50A0D09EA0651D5CDA58 /* [CP] Embed Pods Frameworks */,
			);
			buildRules = (
			);
			dependencies = (
			);
			name = Example;
			productName = FlexContainer;
			productReference = 607FACD01AFB9204008FA782 /* Example.app */;
			productType = "com.apple.product-type.application";
		};
/* End PBXNativeTarget section */

/* Begin PBXProject section */
		607FACC81AFB9204008FA782 /* Project object */ = {
			isa = PBXProject;
			attributes = {
				LastSwiftUpdateCheck = 0830;
				LastUpgradeCheck = 1000;
				ORGANIZATIONNAME = CocoaPods;
				TargetAttributes = {
					607FACCF1AFB9204008FA782 = {
						CreatedOnToolsVersion = 6.3.1;
						LastSwiftMigration = 0900;
					};
				};
			};
			buildConfigurationList = 607FACCB1AFB9204008FA782 /* Build configuration list for PBXProject "FlexContainer" */;
			compatibilityVersion = "Xcode 9.3";
			developmentRegion = English;
			hasScannedForEncodings = 0;
			knownRegions = (
				en,
				Base,
			);
			mainGroup = 607FACC71AFB9204008FA782;
			productRefGroup = 607FACD11AFB9204008FA782 /* Products */;
			projectDirPath = "";
			projectRoot = "";
			targets = (
				607FACCF1AFB9204008FA782 /* Example */,
			);
		};
/* End PBXProject section */

/* Begin PBXResourcesBuildPhase section */
		607FACCE1AFB9204008FA782 /* Resources */ = {
			isa = PBXResourcesBuildPhase;
			buildActionMask = 2147483647;
			files = (
				607FACDB1AFB9204008FA782 /* Main.storyboard in Resources */,
				607FACE01AFB9204008FA782 /* LaunchScreen.xib in Resources */,
				1E506AB92121D7B7008C145B /* Auth.storyboard in Resources */,
				1E5F3CFF2165561900FB3EE0 /* ScrollableContent.storyboard in Resources */,
				607FACDD1AFB9204008FA782 /* Images.xcassets in Resources */,
				1E506AB12121CF49008C145B /* Overlay.storyboard in Resources */,
			);
			runOnlyForDeploymentPostprocessing = 0;
		};
/* End PBXResourcesBuildPhase section */

/* Begin PBXShellScriptBuildPhase section */
		A08C50A0D09EA0651D5CDA58 /* [CP] Embed Pods Frameworks */ = {
			isa = PBXShellScriptBuildPhase;
			buildActionMask = 2147483647;
			files = (
			);
			inputPaths = (
				"${PODS_ROOT}/Target Support Files/Pods-Example/Pods-Example-frameworks.sh",
				"${BUILT_PRODUCTS_DIR}/FlexContainer/FlexContainer.framework",
				"${BUILT_PRODUCTS_DIR}/Layoutless/Layoutless.framework",
			);
			name = "[CP] Embed Pods Frameworks";
			outputPaths = (
				"${TARGET_BUILD_DIR}/${FRAMEWORKS_FOLDER_PATH}/FlexContainer.framework",
				"${TARGET_BUILD_DIR}/${FRAMEWORKS_FOLDER_PATH}/Layoutless.framework",
			);
			runOnlyForDeploymentPostprocessing = 0;
			shellPath = /bin/sh;
			shellScript = "\"${PODS_ROOT}/Target Support Files/Pods-Example/Pods-Example-frameworks.sh\"\n";
			showEnvVarsInLog = 0;
		};
		E20D6109DF088A7BDC09159A /* [CP] Check Pods Manifest.lock */ = {
			isa = PBXShellScriptBuildPhase;
			buildActionMask = 2147483647;
			files = (
			);
			inputPaths = (
				"${PODS_PODFILE_DIR_PATH}/Podfile.lock",
				"${PODS_ROOT}/Manifest.lock",
			);
			name = "[CP] Check Pods Manifest.lock";
			outputPaths = (
				"$(DERIVED_FILE_DIR)/Pods-Example-checkManifestLockResult.txt",
			);
			runOnlyForDeploymentPostprocessing = 0;
			shellPath = /bin/sh;
			shellScript = "diff \"${PODS_PODFILE_DIR_PATH}/Podfile.lock\" \"${PODS_ROOT}/Manifest.lock\" > /dev/null\nif [ $? != 0 ] ; then\n    # print error to STDERR\n    echo \"error: The sandbox is not in sync with the Podfile.lock. Run 'pod install' or update your CocoaPods installation.\" >&2\n    exit 1\nfi\n# This output is used by Xcode 'outputs' to avoid re-running this script phase.\necho \"SUCCESS\" > \"${SCRIPT_OUTPUT_FILE_0}\"\n";
			showEnvVarsInLog = 0;
		};
/* End PBXShellScriptBuildPhase section */

/* Begin PBXSourcesBuildPhase section */
		607FACCC1AFB9204008FA782 /* Sources */ = {
			isa = PBXSourcesBuildPhase;
			buildActionMask = 2147483647;
			files = (
				1E506ABF2121DAC0008C145B /* MainViewController.swift in Sources */,
				1E506ABB2121D7C4008C145B /* LoginViewController.swift in Sources */,
				1E68F249210FD8520080B7BE /* DarkStyle.swift in Sources */,
				1E506AB42121D0A6008C145B /* MainFlow.swift in Sources */,
				1E506AB62121D0B4008C145B /* LoadingOverlayFlow.swift in Sources */,
				1E506ABD2121D88C008C145B /* LoginFlow.swift in Sources */,
				607FACD61AFB9204008FA782 /* AppDelegate.swift in Sources */,
				1E89E652216555AB009A0637 /* ScrollableContentFlow.swift in Sources */,
				1E506AAF2121CF27008C145B /* OverlayViewController.swift in Sources */,
				1E68F247210FD8480080B7BE /* LightStyle.swift in Sources */,
				1E5F3D012165564100FB3EE0 /* ScrollableContentViewController.swift in Sources */,
				1E68F24B210FDC410080B7BE /* AppStyle.swift in Sources */,
			);
			runOnlyForDeploymentPostprocessing = 0;
		};
/* End PBXSourcesBuildPhase section */

/* Begin PBXVariantGroup section */
		607FACD91AFB9204008FA782 /* Main.storyboard */ = {
			isa = PBXVariantGroup;
			children = (
				607FACDA1AFB9204008FA782 /* Base */,
			);
			name = Main.storyboard;
			sourceTree = "<group>";
		};
		607FACDE1AFB9204008FA782 /* LaunchScreen.xib */ = {
			isa = PBXVariantGroup;
			children = (
				607FACDF1AFB9204008FA782 /* Base */,
			);
			name = LaunchScreen.xib;
			sourceTree = "<group>";
		};
/* End PBXVariantGroup section */

/* Begin XCBuildConfiguration section */
		607FACED1AFB9204008FA782 /* Debug */ = {
			isa = XCBuildConfiguration;
			buildSettings = {
				ALWAYS_SEARCH_USER_PATHS = NO;
				CLANG_CXX_LANGUAGE_STANDARD = "gnu++0x";
				CLANG_CXX_LIBRARY = "libc++";
				CLANG_ENABLE_MODULES = YES;
				CLANG_ENABLE_OBJC_ARC = YES;
				CLANG_WARN_BLOCK_CAPTURE_AUTORELEASING = YES;
				CLANG_WARN_BOOL_CONVERSION = YES;
				CLANG_WARN_COMMA = YES;
				CLANG_WARN_CONSTANT_CONVERSION = YES;
				CLANG_WARN_DEPRECATED_OBJC_IMPLEMENTATIONS = YES;
				CLANG_WARN_DIRECT_OBJC_ISA_USAGE = YES_ERROR;
				CLANG_WARN_EMPTY_BODY = YES;
				CLANG_WARN_ENUM_CONVERSION = YES;
				CLANG_WARN_INFINITE_RECURSION = YES;
				CLANG_WARN_INT_CONVERSION = YES;
				CLANG_WARN_NON_LITERAL_NULL_CONVERSION = YES;
				CLANG_WARN_OBJC_IMPLICIT_RETAIN_SELF = YES;
				CLANG_WARN_OBJC_LITERAL_CONVERSION = YES;
				CLANG_WARN_OBJC_ROOT_CLASS = YES_ERROR;
				CLANG_WARN_RANGE_LOOP_ANALYSIS = YES;
				CLANG_WARN_STRICT_PROTOTYPES = YES;
				CLANG_WARN_SUSPICIOUS_MOVE = YES;
				CLANG_WARN_UNREACHABLE_CODE = YES;
				CLANG_WARN__DUPLICATE_METHOD_MATCH = YES;
				"CODE_SIGN_IDENTITY[sdk=iphoneos*]" = "iPhone Developer";
				COPY_PHASE_STRIP = NO;
				DEBUG_INFORMATION_FORMAT = "dwarf-with-dsym";
				ENABLE_STRICT_OBJC_MSGSEND = YES;
				ENABLE_TESTABILITY = YES;
				GCC_C_LANGUAGE_STANDARD = gnu99;
				GCC_DYNAMIC_NO_PIC = NO;
				GCC_NO_COMMON_BLOCKS = YES;
				GCC_OPTIMIZATION_LEVEL = 0;
				GCC_PREPROCESSOR_DEFINITIONS = (
					"DEBUG=1",
					"$(inherited)",
				);
				GCC_SYMBOLS_PRIVATE_EXTERN = NO;
				GCC_WARN_64_TO_32_BIT_CONVERSION = YES;
				GCC_WARN_ABOUT_RETURN_TYPE = YES_ERROR;
				GCC_WARN_UNDECLARED_SELECTOR = YES;
				GCC_WARN_UNINITIALIZED_AUTOS = YES_AGGRESSIVE;
				GCC_WARN_UNUSED_FUNCTION = YES;
				GCC_WARN_UNUSED_VARIABLE = YES;
				IPHONEOS_DEPLOYMENT_TARGET = 10.0;
				MTL_ENABLE_DEBUG_INFO = YES;
				ONLY_ACTIVE_ARCH = YES;
				SDKROOT = iphoneos;
				SWIFT_OPTIMIZATION_LEVEL = "-Onone";
				SWIFT_VERSION = 4.2;
				VALID_ARCHS = arm64;
			};
			name = Debug;
		};
		607FACEE1AFB9204008FA782 /* Release */ = {
			isa = XCBuildConfiguration;
			buildSettings = {
				ALWAYS_SEARCH_USER_PATHS = NO;
				CLANG_CXX_LANGUAGE_STANDARD = "gnu++0x";
				CLANG_CXX_LIBRARY = "libc++";
				CLANG_ENABLE_MODULES = YES;
				CLANG_ENABLE_OBJC_ARC = YES;
				CLANG_WARN_BLOCK_CAPTURE_AUTORELEASING = YES;
				CLANG_WARN_BOOL_CONVERSION = YES;
				CLANG_WARN_COMMA = YES;
				CLANG_WARN_CONSTANT_CONVERSION = YES;
				CLANG_WARN_DEPRECATED_OBJC_IMPLEMENTATIONS = YES;
				CLANG_WARN_DIRECT_OBJC_ISA_USAGE = YES_ERROR;
				CLANG_WARN_EMPTY_BODY = YES;
				CLANG_WARN_ENUM_CONVERSION = YES;
				CLANG_WARN_INFINITE_RECURSION = YES;
				CLANG_WARN_INT_CONVERSION = YES;
				CLANG_WARN_NON_LITERAL_NULL_CONVERSION = YES;
				CLANG_WARN_OBJC_IMPLICIT_RETAIN_SELF = YES;
				CLANG_WARN_OBJC_LITERAL_CONVERSION = YES;
				CLANG_WARN_OBJC_ROOT_CLASS = YES_ERROR;
				CLANG_WARN_RANGE_LOOP_ANALYSIS = YES;
				CLANG_WARN_STRICT_PROTOTYPES = YES;
				CLANG_WARN_SUSPICIOUS_MOVE = YES;
				CLANG_WARN_UNREACHABLE_CODE = YES;
				CLANG_WARN__DUPLICATE_METHOD_MATCH = YES;
				"CODE_SIGN_IDENTITY[sdk=iphoneos*]" = "iPhone Developer";
				COPY_PHASE_STRIP = NO;
				DEBUG_INFORMATION_FORMAT = "dwarf-with-dsym";
				ENABLE_NS_ASSERTIONS = NO;
				ENABLE_STRICT_OBJC_MSGSEND = YES;
				GCC_C_LANGUAGE_STANDARD = gnu99;
				GCC_NO_COMMON_BLOCKS = YES;
				GCC_WARN_64_TO_32_BIT_CONVERSION = YES;
				GCC_WARN_ABOUT_RETURN_TYPE = YES_ERROR;
				GCC_WARN_UNDECLARED_SELECTOR = YES;
				GCC_WARN_UNINITIALIZED_AUTOS = YES_AGGRESSIVE;
				GCC_WARN_UNUSED_FUNCTION = YES;
				GCC_WARN_UNUSED_VARIABLE = YES;
				IPHONEOS_DEPLOYMENT_TARGET = 10.0;
				MTL_ENABLE_DEBUG_INFO = NO;
				SDKROOT = iphoneos;
				SWIFT_COMPILATION_MODE = wholemodule;
				SWIFT_OPTIMIZATION_LEVEL = "-O";
				SWIFT_VERSION = 4.2;
				VALIDATE_PRODUCT = YES;
				VALID_ARCHS = arm64;
			};
			name = Release;
		};
		607FACF01AFB9204008FA782 /* Debug */ = {
			isa = XCBuildConfiguration;
			baseConfigurationReference = C0AEFF53FB899D609F03CE04 /* Pods-Example.debug.xcconfig */;
			buildSettings = {
				ASSETCATALOG_COMPILER_APPICON_NAME = AppIcon;
				DEVELOPMENT_TEAM = 79Q5K765J7;
				INFOPLIST_FILE = Res/Info.plist;
				LD_RUNPATH_SEARCH_PATHS = (
					"$(inherited)",
					"@executable_path/Frameworks",
				);
				MODULE_NAME = ExampleApp;
				PRODUCT_BUNDLE_IDENTIFIER = "org.cocoapods.demo.$(PRODUCT_NAME:rfc1034identifier)";
				PRODUCT_NAME = "$(TARGET_NAME)";
				SWIFT_SWIFT3_OBJC_INFERENCE = Default;
				SWIFT_VERSION = 4.2;
			};
			name = Debug;
		};
		607FACF11AFB9204008FA782 /* Release */ = {
			isa = XCBuildConfiguration;
			baseConfigurationReference = 1C1C52F188439C2BE2A0B2E0 /* Pods-Example.release.xcconfig */;
			buildSettings = {
				ASSETCATALOG_COMPILER_APPICON_NAME = AppIcon;
				DEVELOPMENT_TEAM = 79Q5K765J7;
				INFOPLIST_FILE = Res/Info.plist;
				LD_RUNPATH_SEARCH_PATHS = (
					"$(inherited)",
					"@executable_path/Frameworks",
				);
				MODULE_NAME = ExampleApp;
				PRODUCT_BUNDLE_IDENTIFIER = "org.cocoapods.demo.$(PRODUCT_NAME:rfc1034identifier)";
				PRODUCT_NAME = "$(TARGET_NAME)";
				SWIFT_SWIFT3_OBJC_INFERENCE = Default;
				SWIFT_VERSION = 4.2;
			};
			name = Release;
		};
/* End XCBuildConfiguration section */

/* Begin XCConfigurationList section */
		607FACCB1AFB9204008FA782 /* Build configuration list for PBXProject "FlexContainer" */ = {
			isa = XCConfigurationList;
			buildConfigurations = (
				607FACED1AFB9204008FA782 /* Debug */,
				607FACEE1AFB9204008FA782 /* Release */,
			);
			defaultConfigurationIsVisible = 0;
			defaultConfigurationName = Release;
		};
		607FACEF1AFB9204008FA782 /* Build configuration list for PBXNativeTarget "Example" */ = {
			isa = XCConfigurationList;
			buildConfigurations = (
				607FACF01AFB9204008FA782 /* Debug */,
				607FACF11AFB9204008FA782 /* Release */,
			);
			defaultConfigurationIsVisible = 0;
			defaultConfigurationName = Release;
		};
/* End XCConfigurationList section */
	};
	rootObject = 607FACC81AFB9204008FA782 /* Project object */;
}
